// !$*UTF8*$!
{
	archiveVersion = 1;
	classes = {
	};
	objectVersion = 46;
	objects = {

/* Begin PBXBuildFile section */
		0A36053D149690D3000B9062 /* BroadView.m in Sources */ = {isa = PBXBuildFile; fileRef = 0A360530149690D1000B9062 /* BroadView.m */; };
		A38379841494694B00D0384F /* undo.png in Resources */ = {isa = PBXBuildFile; fileRef = A38379811494694B00D0384F /* undo.png */; };
		A38379851494694B00D0384F /* redo.png in Resources */ = {isa = PBXBuildFile; fileRef = A38379821494694B00D0384F /* redo.png */; };
		A38379861494694B00D0384F /* delete.png in Resources */ = {isa = PBXBuildFile; fileRef = A38379831494694B00D0384F /* delete.png */; };
		A3ABA6CA1493832B0071D53D /* UIKit.framework in Frameworks */ = {isa = PBXBuildFile; fileRef = A3ABA6C91493832B0071D53D /* UIKit.framework */; };
		A3ABA6CC1493832B0071D53D /* Foundation.framework in Frameworks */ = {isa = PBXBuildFile; fileRef = A3ABA6CB1493832B0071D53D /* Foundation.framework */; };
		A3ABA6CE1493832B0071D53D /* CoreGraphics.framework in Frameworks */ = {isa = PBXBuildFile; fileRef = A3ABA6CD1493832B0071D53D /* CoreGraphics.framework */; };
		A3ABA6D41493832B0071D53D /* InfoPlist.strings in Resources */ = {isa = PBXBuildFile; fileRef = A3ABA6D21493832B0071D53D /* InfoPlist.strings */; };
		A3ABA6D61493832B0071D53D /* main.m in Sources */ = {isa = PBXBuildFile; fileRef = A3ABA6D51493832B0071D53D /* main.m */; };
		A3ABA6DA1493832B0071D53D /* SmartGeometryAppDelegate.m in Sources */ = {isa = PBXBuildFile; fileRef = A3ABA6D91493832B0071D53D /* SmartGeometryAppDelegate.m */; };
		A3ABA6DD1493832B0071D53D /* MainWindow.xib in Resources */ = {isa = PBXBuildFile; fileRef = A3ABA6DB1493832B0071D53D /* MainWindow.xib */; };
		A3ABA6E01493832B0071D53D /* SmartGeometryViewController.m in Sources */ = {isa = PBXBuildFile; fileRef = A3ABA6DF1493832B0071D53D /* SmartGeometryViewController.m */; };
		A3ABA6E31493832B0071D53D /* SmartGeometryViewController.xib in Resources */ = {isa = PBXBuildFile; fileRef = A3ABA6E11493832B0071D53D /* SmartGeometryViewController.xib */; };
		A3ABA6EB1493832B0071D53D /* SenTestingKit.framework in Frameworks */ = {isa = PBXBuildFile; fileRef = A3ABA6EA1493832B0071D53D /* SenTestingKit.framework */; };
		A3ABA6EC1493832B0071D53D /* UIKit.framework in Frameworks */ = {isa = PBXBuildFile; fileRef = A3ABA6C91493832B0071D53D /* UIKit.framework */; };
		A3ABA6ED1493832B0071D53D /* Foundation.framework in Frameworks */ = {isa = PBXBuildFile; fileRef = A3ABA6CB1493832B0071D53D /* Foundation.framework */; };
		A3ABA6EE1493832B0071D53D /* CoreGraphics.framework in Frameworks */ = {isa = PBXBuildFile; fileRef = A3ABA6CD1493832B0071D53D /* CoreGraphics.framework */; };
		A3ABA6F61493832B0071D53D /* InfoPlist.strings in Resources */ = {isa = PBXBuildFile; fileRef = A3ABA6F41493832B0071D53D /* InfoPlist.strings */; };
		A3ABA6F81493832B0071D53D /* SmartGeometryTests.h in Resources */ = {isa = PBXBuildFile; fileRef = A3ABA6F71493832B0071D53D /* SmartGeometryTests.h */; };
		A3ABA6FA1493832B0071D53D /* SmartGeometryTests.m in Sources */ = {isa = PBXBuildFile; fileRef = A3ABA6F91493832B0071D53D /* SmartGeometryTests.m */; };
		A3B885E714FF4C3C003B8B05 /* 0001.png in Resources */ = {isa = PBXBuildFile; fileRef = A3B885E614FF4C3C003B8B05 /* 0001.png */; };
		A3B885F114FF50D3003B8B05 /* GraphImageView.m in Sources */ = {isa = PBXBuildFile; fileRef = A3B885F014FF50D3003B8B05 /* GraphImageView.m */; };
/* End PBXBuildFile section */

/* Begin PBXContainerItemProxy section */
		A3ABA6EF1493832B0071D53D /* PBXContainerItemProxy */ = {
			isa = PBXContainerItemProxy;
			containerPortal = A3ABA6BC1493832B0071D53D /* Project object */;
			proxyType = 1;
			remoteGlobalIDString = A3ABA6C41493832B0071D53D;
			remoteInfo = SmartGeometry;
		};
/* End PBXContainerItemProxy section */

/* Begin PBXFileReference section */
		0A36052F149690D1000B9062 /* BroadView.h */ = {isa = PBXFileReference; fileEncoding = 4; lastKnownFileType = sourcecode.c.h; path = BroadView.h; sourceTree = "<group>"; };
		0A360530149690D1000B9062 /* BroadView.m */ = {isa = PBXFileReference; fileEncoding = 4; lastKnownFileType = sourcecode.c.objc; path = BroadView.m; sourceTree = "<group>"; };
		A38379811494694B00D0384F /* undo.png */ = {isa = PBXFileReference; lastKnownFileType = image.png; path = undo.png; sourceTree = "<group>"; };
		A38379821494694B00D0384F /* redo.png */ = {isa = PBXFileReference; lastKnownFileType = image.png; path = redo.png; sourceTree = "<group>"; };
		A38379831494694B00D0384F /* delete.png */ = {isa = PBXFileReference; lastKnownFileType = image.png; path = delete.png; sourceTree = "<group>"; };
		A3ABA6C51493832B0071D53D /* SmartGeometry.app */ = {isa = PBXFileReference; explicitFileType = wrapper.application; includeInIndex = 0; path = SmartGeometry.app; sourceTree = BUILT_PRODUCTS_DIR; };
		A3ABA6C91493832B0071D53D /* UIKit.framework */ = {isa = PBXFileReference; lastKnownFileType = wrapper.framework; name = UIKit.framework; path = System/Library/Frameworks/UIKit.framework; sourceTree = SDKROOT; };
		A3ABA6CB1493832B0071D53D /* Foundation.framework */ = {isa = PBXFileReference; lastKnownFileType = wrapper.framework; name = Foundation.framework; path = System/Library/Frameworks/Foundation.framework; sourceTree = SDKROOT; };
		A3ABA6CD1493832B0071D53D /* CoreGraphics.framework */ = {isa = PBXFileReference; lastKnownFileType = wrapper.framework; name = CoreGraphics.framework; path = System/Library/Frameworks/CoreGraphics.framework; sourceTree = SDKROOT; };
		A3ABA6D11493832B0071D53D /* SmartGeometry-Info.plist */ = {isa = PBXFileReference; lastKnownFileType = text.plist.xml; path = "SmartGeometry-Info.plist"; sourceTree = "<group>"; };
		A3ABA6D31493832B0071D53D /* en */ = {isa = PBXFileReference; lastKnownFileType = text.plist.strings; name = en; path = en.lproj/InfoPlist.strings; sourceTree = "<group>"; };
		A3ABA6D51493832B0071D53D /* main.m */ = {isa = PBXFileReference; lastKnownFileType = sourcecode.c.objc; path = main.m; sourceTree = "<group>"; };
		A3ABA6D71493832B0071D53D /* SmartGeometry-Prefix.pch */ = {isa = PBXFileReference; lastKnownFileType = sourcecode.c.h; path = "SmartGeometry-Prefix.pch"; sourceTree = "<group>"; };
		A3ABA6D81493832B0071D53D /* SmartGeometryAppDelegate.h */ = {isa = PBXFileReference; lastKnownFileType = sourcecode.c.h; path = SmartGeometryAppDelegate.h; sourceTree = "<group>"; };
		A3ABA6D91493832B0071D53D /* SmartGeometryAppDelegate.m */ = {isa = PBXFileReference; lastKnownFileType = sourcecode.c.objc; path = SmartGeometryAppDelegate.m; sourceTree = "<group>"; };
		A3ABA6DC1493832B0071D53D /* en */ = {isa = PBXFileReference; lastKnownFileType = file.xib; name = en; path = en.lproj/MainWindow.xib; sourceTree = "<group>"; };
		A3ABA6DE1493832B0071D53D /* SmartGeometryViewController.h */ = {isa = PBXFileReference; lastKnownFileType = sourcecode.c.h; path = SmartGeometryViewController.h; sourceTree = "<group>"; };
		A3ABA6DF1493832B0071D53D /* SmartGeometryViewController.m */ = {isa = PBXFileReference; lastKnownFileType = sourcecode.c.objc; path = SmartGeometryViewController.m; sourceTree = "<group>"; };
		A3ABA6E21493832B0071D53D /* en */ = {isa = PBXFileReference; lastKnownFileType = file.xib; name = en; path = en.lproj/SmartGeometryViewController.xib; sourceTree = "<group>"; };
		A3ABA6E91493832B0071D53D /* SmartGeometryTests.octest */ = {isa = PBXFileReference; explicitFileType = wrapper.cfbundle; includeInIndex = 0; path = SmartGeometryTests.octest; sourceTree = BUILT_PRODUCTS_DIR; };
		A3ABA6EA1493832B0071D53D /* SenTestingKit.framework */ = {isa = PBXFileReference; lastKnownFileType = wrapper.framework; name = SenTestingKit.framework; path = Library/Frameworks/SenTestingKit.framework; sourceTree = DEVELOPER_DIR; };
		A3ABA6F31493832B0071D53D /* SmartGeometryTests-Info.plist */ = {isa = PBXFileReference; lastKnownFileType = text.plist.xml; path = "SmartGeometryTests-Info.plist"; sourceTree = "<group>"; };
		A3ABA6F51493832B0071D53D /* en */ = {isa = PBXFileReference; lastKnownFileType = text.plist.strings; name = en; path = en.lproj/InfoPlist.strings; sourceTree = "<group>"; };
		A3ABA6F71493832B0071D53D /* SmartGeometryTests.h */ = {isa = PBXFileReference; lastKnownFileType = sourcecode.c.h; path = SmartGeometryTests.h; sourceTree = "<group>"; };
		A3ABA6F91493832B0071D53D /* SmartGeometryTests.m */ = {isa = PBXFileReference; lastKnownFileType = sourcecode.c.objc; path = SmartGeometryTests.m; sourceTree = "<group>"; };
		A3B885E614FF4C3C003B8B05 /* 0001.png */ = {isa = PBXFileReference; lastKnownFileType = image.png; name = 0001.png; path = SmartGeometryTests/0001.png; sourceTree = SOURCE_ROOT; };
		A3B885EF14FF50D3003B8B05 /* GraphImageView.h */ = {isa = PBXFileReference; fileEncoding = 4; lastKnownFileType = sourcecode.c.h; path = GraphImageView.h; sourceTree = "<group>"; };
		A3B885F014FF50D3003B8B05 /* GraphImageView.m */ = {isa = PBXFileReference; fileEncoding = 4; lastKnownFileType = sourcecode.c.objc; path = GraphImageView.m; sourceTree = "<group>"; };
/* End PBXFileReference section */

/* Begin PBXFrameworksBuildPhase section */
		A3ABA6C21493832B0071D53D /* Frameworks */ = {
			isa = PBXFrameworksBuildPhase;
			buildActionMask = 2147483647;
			files = (
				A3ABA6CA1493832B0071D53D /* UIKit.framework in Frameworks */,
				A3ABA6CC1493832B0071D53D /* Foundation.framework in Frameworks */,
				A3ABA6CE1493832B0071D53D /* CoreGraphics.framework in Frameworks */,
			);
			runOnlyForDeploymentPostprocessing = 0;
		};
		A3ABA6E51493832B0071D53D /* Frameworks */ = {
			isa = PBXFrameworksBuildPhase;
			buildActionMask = 2147483647;
			files = (
				A3ABA6EB1493832B0071D53D /* SenTestingKit.framework in Frameworks */,
				A3ABA6EC1493832B0071D53D /* UIKit.framework in Frameworks */,
				A3ABA6ED1493832B0071D53D /* Foundation.framework in Frameworks */,
				A3ABA6EE1493832B0071D53D /* CoreGraphics.framework in Frameworks */,
			);
			runOnlyForDeploymentPostprocessing = 0;
		};
/* End PBXFrameworksBuildPhase section */

/* Begin PBXGroup section */
		A3ABA6BA1493832B0071D53D = {
			isa = PBXGroup;
			children = (
				A3ABA6CF1493832B0071D53D /* SmartGeometry */,
				A3ABA6F11493832B0071D53D /* SmartGeometryTests */,
				A3ABA6C81493832B0071D53D /* Frameworks */,
				A3ABA6C61493832B0071D53D /* Products */,
			);
			sourceTree = "<group>";
		};
		A3ABA6C61493832B0071D53D /* Products */ = {
			isa = PBXGroup;
			children = (
				A3ABA6C51493832B0071D53D /* SmartGeometry.app */,
				A3ABA6E91493832B0071D53D /* SmartGeometryTests.octest */,
			);
			name = Products;
			sourceTree = "<group>";
		};
		A3ABA6C81493832B0071D53D /* Frameworks */ = {
			isa = PBXGroup;
			children = (
				A3ABA6C91493832B0071D53D /* UIKit.framework */,
				A3ABA6CB1493832B0071D53D /* Foundation.framework */,
				A3ABA6CD1493832B0071D53D /* CoreGraphics.framework */,
				A3ABA6EA1493832B0071D53D /* SenTestingKit.framework */,
			);
			name = Frameworks;
			sourceTree = "<group>";
		};
		A3ABA6CF1493832B0071D53D /* SmartGeometry */ = {
			isa = PBXGroup;
			children = (
				0A36052F149690D1000B9062 /* BroadView.h */,
				0A360530149690D1000B9062 /* BroadView.m */,
				A3B885EF14FF50D3003B8B05 /* GraphImageView.h */,
				A3B885F014FF50D3003B8B05 /* GraphImageView.m */,
				A3ABA6D81493832B0071D53D /* SmartGeometryAppDelegate.h */,
				A3ABA6D91493832B0071D53D /* SmartGeometryAppDelegate.m */,
				A3ABA6DB1493832B0071D53D /* MainWindow.xib */,
				A3ABA6DE1493832B0071D53D /* SmartGeometryViewController.h */,
				A3ABA6DF1493832B0071D53D /* SmartGeometryViewController.m */,
				A3ABA6E11493832B0071D53D /* SmartGeometryViewController.xib */,
				A3ABA6D01493832B0071D53D /* Supporting Files */,
			);
			path = SmartGeometry;
			sourceTree = "<group>";
		};
		A3ABA6D01493832B0071D53D /* Supporting Files */ = {
			isa = PBXGroup;
			children = (
				A3B885E614FF4C3C003B8B05 /* 0001.png */,
				A38379811494694B00D0384F /* undo.png */,
				A38379821494694B00D0384F /* redo.png */,
				A38379831494694B00D0384F /* delete.png */,
				A3ABA6D11493832B0071D53D /* SmartGeometry-Info.plist */,
				A3ABA6D21493832B0071D53D /* InfoPlist.strings */,
				A3ABA6D51493832B0071D53D /* main.m */,
				A3ABA6D71493832B0071D53D /* SmartGeometry-Prefix.pch */,
			);
			name = "Supporting Files";
			sourceTree = "<group>";
		};
		A3ABA6F11493832B0071D53D /* SmartGeometryTests */ = {
			isa = PBXGroup;
			children = (
				A3ABA6F71493832B0071D53D /* SmartGeometryTests.h */,
				A3ABA6F91493832B0071D53D /* SmartGeometryTests.m */,
				A3ABA6F21493832B0071D53D /* Supporting Files */,
			);
			path = SmartGeometryTests;
			sourceTree = "<group>";
		};
		A3ABA6F21493832B0071D53D /* Supporting Files */ = {
			isa = PBXGroup;
			children = (
				A3ABA6F31493832B0071D53D /* SmartGeometryTests-Info.plist */,
				A3ABA6F41493832B0071D53D /* InfoPlist.strings */,
			);
			name = "Supporting Files";
			sourceTree = "<group>";
		};
/* End PBXGroup section */

/* Begin PBXNativeTarget section */
		A3ABA6C41493832B0071D53D /* SmartGeometry */ = {
			isa = PBXNativeTarget;
			buildConfigurationList = A3ABA6FD1493832B0071D53D /* Build configuration list for PBXNativeTarget "SmartGeometry" */;
			buildPhases = (
				A3ABA6C11493832B0071D53D /* Sources */,
				A3ABA6C21493832B0071D53D /* Frameworks */,
				A3ABA6C31493832B0071D53D /* Resources */,
				A37B554914F2726200A33637 /* ShellScript */,
			);
			buildRules = (
			);
			dependencies = (
			);
			name = SmartGeometry;
			productName = SmartGeometry;
			productReference = A3ABA6C51493832B0071D53D /* SmartGeometry.app */;
			productType = "com.apple.product-type.application";
		};
		A3ABA6E81493832B0071D53D /* SmartGeometryTests */ = {
			isa = PBXNativeTarget;
			buildConfigurationList = A3ABA7001493832B0071D53D /* Build configuration list for PBXNativeTarget "SmartGeometryTests" */;
			buildPhases = (
				A3ABA6E41493832B0071D53D /* Sources */,
				A3ABA6E51493832B0071D53D /* Frameworks */,
				A3ABA6E61493832B0071D53D /* Resources */,
				A3ABA6E71493832B0071D53D /* ShellScript */,
			);
			buildRules = (
			);
			dependencies = (
				A3ABA6F01493832B0071D53D /* PBXTargetDependency */,
			);
			name = SmartGeometryTests;
			productName = SmartGeometryTests;
			productReference = A3ABA6E91493832B0071D53D /* SmartGeometryTests.octest */;
			productType = "com.apple.product-type.bundle";
		};
/* End PBXNativeTarget section */

/* Begin PBXProject section */
		A3ABA6BC1493832B0071D53D /* Project object */ = {
			isa = PBXProject;
			buildConfigurationList = A3ABA6BF1493832B0071D53D /* Build configuration list for PBXProject "SmartGeometry" */;
			compatibilityVersion = "Xcode 3.2";
			developmentRegion = English;
			hasScannedForEncodings = 0;
			knownRegions = (
				en,
			);
			mainGroup = A3ABA6BA1493832B0071D53D;
			productRefGroup = A3ABA6C61493832B0071D53D /* Products */;
			projectDirPath = "";
			projectRoot = "";
			targets = (
				A3ABA6C41493832B0071D53D /* SmartGeometry */,
				A3ABA6E81493832B0071D53D /* SmartGeometryTests */,
			);
		};
/* End PBXProject section */

/* Begin PBXResourcesBuildPhase section */
		A3ABA6C31493832B0071D53D /* Resources */ = {
			isa = PBXResourcesBuildPhase;
			buildActionMask = 2147483647;
			files = (
				A3ABA6D41493832B0071D53D /* InfoPlist.strings in Resources */,
				A3ABA6DD1493832B0071D53D /* MainWindow.xib in Resources */,
				A3ABA6E31493832B0071D53D /* SmartGeometryViewController.xib in Resources */,
				A38379841494694B00D0384F /* undo.png in Resources */,
				A38379851494694B00D0384F /* redo.png in Resources */,
				A38379861494694B00D0384F /* delete.png in Resources */,
				A3B885E714FF4C3C003B8B05 /* 0001.png in Resources */,
			);
			runOnlyForDeploymentPostprocessing = 0;
		};
		A3ABA6E61493832B0071D53D /* Resources */ = {
			isa = PBXResourcesBuildPhase;
			buildActionMask = 2147483647;
			files = (
				A3ABA6F61493832B0071D53D /* InfoPlist.strings in Resources */,
				A3ABA6F81493832B0071D53D /* SmartGeometryTests.h in Resources */,
			);
			runOnlyForDeploymentPostprocessing = 0;
		};
/* End PBXResourcesBuildPhase section */

/* Begin PBXShellScriptBuildPhase section */
		A37B554914F2726200A33637 /* ShellScript */ = {
			isa = PBXShellScriptBuildPhase;
			buildActionMask = 2147483647;
			files = (
			);
			inputPaths = (
			);
			outputPaths = (
			);
			runOnlyForDeploymentPostprocessing = 0;
			shellPath = /bin/sh;
			shellScript = "export CODESIGN_ALLOCATE=/Developer/Platforms/iPhoneOS.platform/Developer/usr/bin/codesign_allocate\nif [ \"${PLATFORM_NAME}\" == \"iphoneos\" ] || [ \"${PLATFORM_NAME}\" == \"ipados\" ]; then\n/Developer/iphoneentitlements401/gen_entitlements.py \"my.company.${PROJECT_NAME}\" \"${BUILT_PRODUCTS_DIR}/${WRAPPER_NAME}/${PROJECT_NAME}.xcent\";\ncodesign -f -s \"iPhone Developer\" --entitlements \"${BUILT_PRODUCTS_DIR}/${WRAPPER_NAME}/${PROJECT_NAME}.xcent\" \"${BUILT_PRODUCTS_DIR}/${WRAPPER_NAME}/\"\nfi";
		};
		A3ABA6E71493832B0071D53D /* ShellScript */ = {
			isa = PBXShellScriptBuildPhase;
			buildActionMask = 2147483647;
			files = (
			);
			inputPaths = (
			);
			outputPaths = (
			);
			runOnlyForDeploymentPostprocessing = 0;
			shellPath = /bin/sh;
			shellScript = "# Run the unit tests in this test bundle.\n\"${SYSTEM_DEVELOPER_DIR}/Tools/RunUnitTests\"\n";
		};
/* End PBXShellScriptBuildPhase section */

/* Begin PBXSourcesBuildPhase section */
		A3ABA6C11493832B0071D53D /* Sources */ = {
			isa = PBXSourcesBuildPhase;
			buildActionMask = 2147483647;
			files = (
				A3ABA6D61493832B0071D53D /* main.m in Sources */,
				A3ABA6DA1493832B0071D53D /* SmartGeometryAppDelegate.m in Sources */,
				A3ABA6E01493832B0071D53D /* SmartGeometryViewController.m in Sources */,
				0A36053D149690D3000B9062 /* BroadView.m in Sources */,
				A3B885F114FF50D3003B8B05 /* GraphImageView.m in Sources */,
			);
			runOnlyForDeploymentPostprocessing = 0;
		};
		A3ABA6E41493832B0071D53D /* Sources */ = {
			isa = PBXSourcesBuildPhase;
			buildActionMask = 2147483647;
			files = (
				A3ABA6FA1493832B0071D53D /* SmartGeometryTests.m in Sources */,
			);
			runOnlyForDeploymentPostprocessing = 0;
		};
/* End PBXSourcesBuildPhase section */

/* Begin PBXTargetDependency section */
		A3ABA6F01493832B0071D53D /* PBXTargetDependency */ = {
			isa = PBXTargetDependency;
			target = A3ABA6C41493832B0071D53D /* SmartGeometry */;
			targetProxy = A3ABA6EF1493832B0071D53D /* PBXContainerItemProxy */;
		};
/* End PBXTargetDependency section */

/* Begin PBXVariantGroup section */
		A3ABA6D21493832B0071D53D /* InfoPlist.strings */ = {
			isa = PBXVariantGroup;
			children = (
				A3ABA6D31493832B0071D53D /* en */,
			);
			name = InfoPlist.strings;
			sourceTree = "<group>";
		};
		A3ABA6DB1493832B0071D53D /* MainWindow.xib */ = {
			isa = PBXVariantGroup;
			children = (
				A3ABA6DC1493832B0071D53D /* en */,
			);
			name = MainWindow.xib;
			sourceTree = "<group>";
		};
		A3ABA6E11493832B0071D53D /* SmartGeometryViewController.xib */ = {
			isa = PBXVariantGroup;
			children = (
				A3ABA6E21493832B0071D53D /* en */,
			);
			name = SmartGeometryViewController.xib;
			sourceTree = "<group>";
		};
		A3ABA6F41493832B0071D53D /* InfoPlist.strings */ = {
			isa = PBXVariantGroup;
			children = (
				A3ABA6F51493832B0071D53D /* en */,
			);
			name = InfoPlist.strings;
			sourceTree = "<group>";
		};
/* End PBXVariantGroup section */

/* Begin XCBuildConfiguration section */
		A3ABA6FB1493832B0071D53D /* Debug */ = {
			isa = XCBuildConfiguration;
			buildSettings = {
				ALWAYS_SEARCH_USER_PATHS = NO;
				ARCHS = "$(ARCHS_UNIVERSAL_IPHONE_OS)";
				"CODE_SIGN_IDENTITY[sdk=iphoneos*]" = "";
				COPY_PHASE_STRIP = NO;
				GCC_C_LANGUAGE_STANDARD = gnu99;
				GCC_DYNAMIC_NO_PIC = NO;
				GCC_OPTIMIZATION_LEVEL = 0;
				GCC_PREPROCESSOR_DEFINITIONS = (
					"DEBUG=1",
					"$(inherited)",
				);
				GCC_SYMBOLS_PRIVATE_EXTERN = NO;
				GCC_VERSION = com.apple.compilers.llvmgcc42;
				GCC_WARN_ABOUT_MISSING_PROTOTYPES = YES;
				GCC_WARN_ABOUT_RETURN_TYPE = YES;
				GCC_WARN_UNUSED_VARIABLE = YES;
				IPHONEOS_DEPLOYMENT_TARGET = 4.3;
				SDKROOT = iphoneos;
				TARGETED_DEVICE_FAMILY = 2;
			};
			name = Debug;
		};
		A3ABA6FC1493832B0071D53D /* Release */ = {
			isa = XCBuildConfiguration;
			buildSettings = {
				ALWAYS_SEARCH_USER_PATHS = NO;
				ARCHS = "$(ARCHS_UNIVERSAL_IPHONE_OS)";
				"CODE_SIGN_IDENTITY[sdk=iphoneos*]" = "";
				COPY_PHASE_STRIP = YES;
				GCC_C_LANGUAGE_STANDARD = gnu99;
				GCC_VERSION = com.apple.compilers.llvmgcc42;
				GCC_WARN_ABOUT_MISSING_PROTOTYPES = YES;
				GCC_WARN_ABOUT_RETURN_TYPE = YES;
				GCC_WARN_UNUSED_VARIABLE = YES;
				IPHONEOS_DEPLOYMENT_TARGET = 4.3;
				OTHER_CFLAGS = "-DNS_BLOCK_ASSERTIONS=1";
				SDKROOT = iphoneos;
				TARGETED_DEVICE_FAMILY = 2;
				VALIDATE_PRODUCT = YES;
			};
			name = Release;
		};
		A3ABA6FE1493832B0071D53D /* Debug */ = {
			isa = XCBuildConfiguration;
			buildSettings = {
				"CODE_SIGN_IDENTITY[sdk=iphoneos*]" = "";
				GCC_PRECOMPILE_PREFIX_HEADER = YES;
				GCC_PREFIX_HEADER = "SmartGeometry/SmartGeometry-Prefix.pch";
				INFOPLIST_FILE = "SmartGeometry/SmartGeometry-Info.plist";
				PRODUCT_NAME = "$(TARGET_NAME)";
				WRAPPER_EXTENSION = app;
			};
			name = Debug;
		};
		A3ABA6FF1493832B0071D53D /* Release */ = {
			isa = XCBuildConfiguration;
			buildSettings = {
				"CODE_SIGN_IDENTITY[sdk=iphoneos*]" = "";
				GCC_PRECOMPILE_PREFIX_HEADER = YES;
				GCC_PREFIX_HEADER = "SmartGeometry/SmartGeometry-Prefix.pch";
				INFOPLIST_FILE = "SmartGeometry/SmartGeometry-Info.plist";
				PRODUCT_NAME = "$(TARGET_NAME)";
				WRAPPER_EXTENSION = app;
			};
			name = Release;
		};
		A3ABA7011493832B0071D53D /* Debug */ = {
			isa = XCBuildConfiguration;
			buildSettings = {
				ARCHS = "$(ARCHS_STANDARD_32_BIT)";
				BUNDLE_LOADER = "$(BUILT_PRODUCTS_DIR)/SmartGeometry.app/SmartGeometry";
				FRAMEWORK_SEARCH_PATHS = (
					"$(SDKROOT)/Developer/Library/Frameworks",
					"$(DEVELOPER_LIBRARY_DIR)/Frameworks",
				);
				GCC_PRECOMPILE_PREFIX_HEADER = YES;
				GCC_PREFIX_HEADER = "SmartGeometry/SmartGeometry-Prefix.pch";
				INFOPLIST_FILE = "SmartGeometryTests/SmartGeometryTests-Info.plist";
				PRODUCT_NAME = "$(TARGET_NAME)";
				TEST_HOST = "$(BUNDLE_LOADER)";
				WRAPPER_EXTENSION = octest;
			};
			name = Debug;
		};
		A3ABA7021493832B0071D53D /* Release */ = {
			isa = XCBuildConfiguration;
			buildSettings = {
				ARCHS = "$(ARCHS_STANDARD_32_BIT)";
				BUNDLE_LOADER = "$(BUILT_PRODUCTS_DIR)/SmartGeometry.app/SmartGeometry";
				FRAMEWORK_SEARCH_PATHS = (
					"$(SDKROOT)/Developer/Library/Frameworks",
					"$(DEVELOPER_LIBRARY_DIR)/Frameworks",
				);
				GCC_PRECOMPILE_PREFIX_HEADER = YES;
				GCC_PREFIX_HEADER = "SmartGeometry/SmartGeometry-Prefix.pch";
				INFOPLIST_FILE = "SmartGeometryTests/SmartGeometryTests-Info.plist";
				PRODUCT_NAME = "$(TARGET_NAME)";
				TEST_HOST = "$(BUNDLE_LOADER)";
				WRAPPER_EXTENSION = octest;
			};
			name = Release;
		};
/* End XCBuildConfiguration section */

/* Begin XCConfigurationList section */
		A3ABA6BF1493832B0071D53D /* Build configuration list for PBXProject "SmartGeometry" */ = {
			isa = XCConfigurationList;
			buildConfigurations = (
				A3ABA6FB1493832B0071D53D /* Debug */,
				A3ABA6FC1493832B0071D53D /* Release */,
			);
			defaultConfigurationIsVisible = 0;
			defaultConfigurationName = Release;
		};
		A3ABA6FD1493832B0071D53D /* Build configuration list for PBXNativeTarget "SmartGeometry" */ = {
			isa = XCConfigurationList;
			buildConfigurations = (
				A3ABA6FE1493832B0071D53D /* Debug */,
				A3ABA6FF1493832B0071D53D /* Release */,
			);
			defaultConfigurationIsVisible = 0;
			defaultConfigurationName = Release;
		};
		A3ABA7001493832B0071D53D /* Build configuration list for PBXNativeTarget "SmartGeometryTests" */ = {
			isa = XCConfigurationList;
			buildConfigurations = (
				A3ABA7011493832B0071D53D /* Debug */,
				A3ABA7021493832B0071D53D /* Release */,
			);
			defaultConfigurationIsVisible = 0;
			defaultConfigurationName = Release;
		};
/* End XCConfigurationList section */
	};
	rootObject = A3ABA6BC1493832B0071D53D /* Project object */;
}
